{
  "requires": true,
  "lockfileVersion": 1,
  "dependencies": {
    "@rtsao/csstype": {
      "version": "2.6.5-forked.0",
      "resolved": "https://prod-nexus.sprinklr.com/nexus/repository/npm/@rtsao/csstype/-/csstype-2.6.5-forked.0.tgz",
      "integrity": "sha512-0HwnY8uPWcCloTgdbbaJG3MbDUfNf6yKWZfCKxFv9yj2Sbp4mSKaIjC7Cr/5L4hMxvrrk85CU3wlAg7EtBBJ1Q=="
    },
    "css-in-js-utils": {
      "version": "2.0.1",
      "resolved": "https://prod-nexus.sprinklr.com/nexus/repository/npm/css-in-js-utils/-/css-in-js-utils-2.0.1.tgz",
      "integrity": "sha512-PJF0SpJT+WdbVVt0AOYp9C8GnuruRlL/UFW7932nLWmFLQTaWEzTBQEx7/hn4BuV+WON75iAViSUJLiU3PKbpA==",
      "requires": {
        "hyphenate-style-name": "1.0.3",
        "isobject": "3.0.1"
      }
    },
    "hyphenate-style-name": {
      "version": "1.0.3",
      "resolved": "https://prod-nexus.sprinklr.com/nexus/repository/npm/hyphenate-style-name/-/hyphenate-style-name-1.0.3.tgz",
      "integrity": "sha512-EcuixamT82oplpoJ2XU4pDtKGWQ7b00CD9f1ug9IaQ3p1bkHMiKCZ9ut9QDI6qsa6cpUuB+A/I+zLtdNK4n2DQ=="
    },
    "inline-style-prefixer": {
      "version": "5.1.0",
      "resolved": "https://prod-nexus.sprinklr.com/nexus/repository/npm/inline-style-prefixer/-/inline-style-prefixer-5.1.0.tgz",
      "integrity": "sha512-giteQHPMrApQOSjNSjteO5ZGSGMRf9gas14fRy2lg2buSc1nRnj6o6xuNds5cMTKrkncyrTu3gJn/yflFMVdmg==",
      "requires": {
        "css-in-js-utils": "2.0.1"
      }
    },
    "isobject": {
      "version": "3.0.1",
      "resolved": "https://prod-nexus.sprinklr.com/nexus/repository/npm/isobject/-/isobject-3.0.1.tgz",
      "integrity": "sha1-TkMekrEalzFjaqH5yNHMvP2reN8="
    },
    "js-tokens": {
      "version": "4.0.0",
      "resolved": "https://prod-nexus.sprinklr.com/nexus/repository/npm/js-tokens/-/js-tokens-4.0.0.tgz",
      "integrity": "sha512-RdJUflcE3cUzKiMqQgsCu06FPu9UdIJO0beYbPhHN4k6apgJtifcoCtT9bcxOpYBtpD2kCM6Sbzg4CausW/PKQ=="
    },
    "loose-envify": {
      "version": "1.4.0",
      "resolved": "https://prod-nexus.sprinklr.com/nexus/repository/npm/loose-envify/-/loose-envify-1.4.0.tgz",
      "integrity": "sha512-lyuxPGr/Wfhrlem2CL/UcnUc1zcqKAImBDzukY7Y5F/yQiNdko6+fRLevlw1HgMySw7f611UIY408EtxRSoK3Q==",
      "requires": {
        "js-tokens": "4.0.0"
      }
    },
    "object-assign": {
      "version": "4.1.1",
      "resolved": "https://prod-nexus.sprinklr.com/nexus/repository/npm/object-assign/-/object-assign-4.1.1.tgz",
      "integrity": "sha1-IQmtx5ZYh8/AXLvUQsrIv7s2CGM="
    },
    "prop-types": {
      "version": "15.7.2",
      "resolved": "https://prod-nexus.sprinklr.com/nexus/repository/npm/prop-types/-/prop-types-15.7.2.tgz",
      "integrity": "sha512-8QQikdH7//R2vurIJSutZ1smHYTcLpRWEOlHnzcWHmBYrOGUysKwSsrC89BCiFj3CbrfJ/nXFdJepOVrY1GCHQ==",
      "requires": {
        "loose-envify": "1.4.0",
        "object-assign": "4.1.1",
        "react-is": "16.12.0"
      }
    },
    "react-is": {
      "version": "16.12.0",
      "resolved": "https://prod-nexus.sprinklr.com/nexus/repository/npm/react-is/-/react-is-16.12.0.tgz",
      "integrity": "sha512-rPCkf/mWBtKc97aLL9/txD8DZdemK0vkA3JMLShjlJB3Pj3s+lpf1KaBzMfQrAmhMQB0n1cU/SUGgKKBCe837Q=="
    },
    "styletron-client": {
      "version": "3.0.4",
      "resolved": "https://prod-nexus.sprinklr.com/nexus/repository/npm/styletron-client/-/styletron-client-3.0.4.tgz",
      "integrity": "sha512-AzplgO6MBE40/+H1BWq5R6tyd9DipoImU5hn8OFKEDTsku3NikT+JuhfEo20ZaalMu8E7xE5VgyUhLJlJJGRTA==",
      "requires": {
        "styletron-core": "3.0.4"
      }
    },
    "styletron-core": {
      "version": "3.0.4",
      "resolved": "https://prod-nexus.sprinklr.com/nexus/repository/npm/styletron-core/-/styletron-core-3.0.4.tgz",
      "integrity": "sha512-c/lLv7TRp0Pb01BegRbPyS0zmAwnxU78/qU2ofpIPxDf0zTfrRWdqlSDCU9Qt9QgkSmmVkZ9nAwrFjLJxgir+w=="
    },
    "styletron-engine-atomic": {
      "version": "1.4.4",
      "resolved": "https://prod-nexus.sprinklr.com/nexus/repository/npm/styletron-engine-atomic/-/styletron-engine-atomic-1.4.4.tgz",
      "integrity": "sha512-GMNB7xmmFuP67JLfRYC52MZepP7cp+hveHX6eTvQfS/4zDXLudvPT8Skr6wFOdAqMLSlCHwzjEp8En2Ebg32uA==",
      "requires": {
        "inline-style-prefixer": "5.1.0",
        "styletron-standard": "3.0.4"
      }
    },
    "styletron-react": {
      "version": "5.2.6",
      "resolved": "https://prod-nexus.sprinklr.com/nexus/repository/npm/styletron-react/-/styletron-react-5.2.6.tgz",
      "integrity": "sha512-kEDjjYYkcUALwBIftgVbveoOf3gGbyie2Vx9PHgcoWxNu3k0OeitOB8agnff5aLyijQctSGX9M6U5cmU7BiaqQ==",
      "requires": {
        "prop-types": "15.7.2",
        "styletron-standard": "3.0.4"
      }
    },
    "styletron-standard": {
      "version": "3.0.4",
      "resolved": "https://prod-nexus.sprinklr.com/nexus/repository/npm/styletron-standard/-/styletron-standard-3.0.4.tgz",
      "integrity": "sha512-AozOYUEtB5m0s+6ieLCObqYsBitLJmag3IoD/yg0Y9X32AYKwtGO4emx9cljD25k2S/R1XmLPgThOU+orjXTKg==",
      "requires": {
        "@rtsao/csstype": "2.6.5-forked.0",
        "inline-style-prefixer": "5.1.0"
      }
    }
  }
}
